
Microsoft Visual Studio Solution File, Format Version 12.00
# Visual Studio Version 17
VisualStudioVersion = 17.8.34330.188
MinimumVisualStudioVersion = 10.0.40219.1
Project("{FAE04EC0-301F-11D3-BF4B-00C04F79EFBC}") = "BotuqieButik", "BotuqieButik\BotuqieButik.csproj", "{F98A5B90-73AE-4C0A-8F35-BD0BB9EB56A5}"
EndProject
Global
	GlobalSection(SolutionConfigurationPlatforms) = preSolution
		Debug|Any CPU = Debug|Any CPU
		Release|Any CPU = Release|Any CPU
	EndGlobalSection
	GlobalSection(ProjectConfigurationPlatforms) = postSolution
		{F98A5B90-73AE-4C0A-8F35-BD0BB9EB56A5}.Debug|Any CPU.ActiveCfg = Debug|Any CPU
		{F98A5B90-73AE-4C0A-8F35-BD0BB9EB56A5}.Debug|Any CPU.Build.0 = Debug|Any CPU
		{F98A5B90-73AE-4C0A-8F35-BD0BB9EB56A5}.Release|Any CPU.ActiveCfg = Release|Any CPU
		{F98A5B90-73AE-4C0A-8F35-BD0BB9EB56A5}.Release|Any CPU.Build.0 = Release|Any CPU
	EndGlobalSection
	GlobalSection(SolutionProperties) = preSolution
		HideSolutionNode = FALSE
	EndGlobalSection
	GlobalSection(ExtensibilityGlobals) = postSolution
		SolutionGuid = {E0559883-3775-46FF-B2CC-E1C88798459C}
	EndGlobalSection
EndGlobal
